{
	"name": "hivepress-geolocation",
	"lockfileVersion": 3,
	"requires": true,
	"packages": {
		"": {
			"dependencies": {
				"@google/markerclustererplus": "^5.0.4",
				"geocomplete": "^1.7.0",
				"npm-overlapping-marker-spiderfier": "^1.0.3"
			}
		},
		"node_modules/@google/markerclustererplus": {
			"version": "5.0.4",
			"resolved": "https://registry.npmjs.org/@google/markerclustererplus/-/markerclustererplus-5.0.4.tgz",
			"integrity": "sha512-D3RnpzzLVBVggv84t+kkQXL5+2bSyhlGxDckAtbDpVXsLyfawKUyropkAQ9oYMXZh7h4+2Rkdkxaq8kDME6Jqg==",
			"deprecated": "This package has moved to @googlemaps/markerclustererplus and the source is now at https://github.com/googlemaps/js-markerclustererplus.",
			"license": "Apache-2.0"
		},
		"node_modules/commander": {
			"version": "15.0.0",
			"resolved": "https://registry.npmjs.org/commander/-/commander-15.0.0.tgz",
			"integrity": "sha512-z67u4ZhzCL/Tydu1lJARtEZYWbWaN7oYLHbsuzocr6y4N6WZAagG3RQ4FW61V1/0+jImpj293XfrcYnd1qxtPg==",
			"license": "MIT",
			"engines": {
				"node": ">=22.12.0"
			}
		},
		"node_modules/docco": {
			"version": "0.6.3",
			"resolved": "https://registry.npmjs.org/docco/-/docco-0.6.3.tgz",
			"integrity": "sha512-/o+xb2QX0IXoTzd4RmcOxGx2/LDN/Rxe+v7O8YzanJP28F0CzS/cNdtL+/A2I7R2G+KPwu4KVVaagXlEoGbIaQ==",
			"dependencies": {
				"commander": ">= 0.5.2",
				"fs-extra": ">= 0.6.0",
				"highlight.js": ">= 8.0.x",
				"marked": ">= 0.2.7",
				"underscore": ">= 1.0.0"
			},
			"bin": {
				"docco": "bin/docco"
			},
			"engines": {
				"node": ">=0.2.0"
			}
		},
		"node_modules/fs-extra": {
			"version": "11.4.1",
			"resolved": "https://registry.npmjs.org/fs-extra/-/fs-extra-11.4.1.tgz",
			"integrity": "sha512-KYAb4c9BJQI6QqGKthV68OHe0badztdXJWKo0WtBA9IuCFPTKvE5ZdUBglP833aMjhaSPNO4A5j/EkzZtGlKjA==",
			"license": "MIT",
			"dependencies": {
				"graceful-fs": "^4.2.0",
				"jsonfile": "^6.0.1",
				"universalify": "^2.0.0"
			},
			"engines": {
				"node": ">=14.14"
			}
		},
		"node_modules/geocomplete": {
			"version": "1.7.0",
			"resolved": "https://registry.npmjs.org/geocomplete/-/geocomplete-1.7.0.tgz",
			"integrity": "sha512-8DS+9iwY7ApzP0vqR5diBmA/FlcNgmPHCCINm0zMuw5fBNBTYQeBR2Ran+Y0mJ3CHY0RrZwP7h2fSMYRpXBnaw==",
			"license": "ISC",
			"dependencies": {
				"docco": "^0.6.3",
				"uglifyjs": "^2.3.6"
			}
		},
		"node_modules/graceful-fs": {
			"version": "4.2.11",
			"resolved": "https://registry.npmjs.org/graceful-fs/-/graceful-fs-4.2.11.tgz",
			"integrity": "sha512-RbJ5/jmFcNNCcDV5o9eTnBLJ/HszWV0P73bc+Ff4nS/rJj+YaS6IGyiOL0VoBYX+l1Wrl3k63h/KrH+nhJ0XvQ==",
			"license": "ISC"
		},
		"node_modules/highlight.js": {
			"version": "11.12.0",
			"resolved": "https://registry.npmjs.org/highlight.js/-/highlight.js-11.12.0.tgz",
			"integrity": "sha512-nbfWpyRMcMrPMmDwJB+dhX/eiaPKtc2RB+0QZskqJ3WjRA/FDS0e9hZrx8EC/lbEv8gXy98FcDbNa/dspAaJMg==",
			"license": "BSD-3-Clause",
			"engines": {
				"node": ">=12.0.0"
			}
		},
		"node_modules/jsonfile": {
			"version": "6.2.1",
			"resolved": "https://registry.npmjs.org/jsonfile/-/jsonfile-6.2.1.tgz",
			"integrity": "sha512-zwOTdL3rFQ/lRdBnntKVOX6k5cKJwEc1HdilT71BWEu7J41gXIB2MRp+vxduPSwZJPWBxEzv4yH1wYLJGUHX4Q==",
			"license": "MIT",
			"dependencies": {
				"universalify": "^2.0.0"
			},
			"optionalDependencies": {
				"graceful-fs": "^4.1.6"
			}
		},
		"node_modules/marked": {
			"version": "18.1.0",
			"resolved": "https://registry.npmjs.org/marked/-/marked-18.1.0.tgz",
			"integrity": "sha512-PamYXWWWg2nboG3oX5Ffzpy3EFZROqZJK9hSlMmUnekp7TxPs5DcT95vwd46m73/exfKCRVMtgXoPMI4FEJL6w==",
			"license": "MIT",
			"bin": {
				"marked": "bin/marked.js"
			},
			"engines": {
				"node": ">= 20"
			}
		},
		"node_modules/npm-overlapping-marker-spiderfier": {
			"version": "1.0.3",
			"resolved": "https://registry.npmjs.org/npm-overlapping-marker-spiderfier/-/npm-overlapping-marker-spiderfier-1.0.3.tgz",
			"integrity": "sha512-YFEd5gwN6Z/MIiXO6ya4+JyJb2zusxbs1KHqcBR+at9HCcub9qEmW51QWS7JGyVwomOY2we6yn/JBvp/PQewbQ==",
			"license": "ISC"
		},
		"node_modules/uglifyjs": {
			"version": "2.4.11",
			"resolved": "https://registry.npmjs.org/uglifyjs/-/uglifyjs-2.4.11.tgz",
			"integrity": "sha512-iR5+eXZCsoqmlzqYYENJm+rtX/KpC+jhhCtgORtBeVxRET+mfFHlyArl3DgYEqRTVDOxenv0OojFg02tf6LluA==",
			"deprecated": "uglifyjs is deprecated - use uglify-js instead."
		},
		"node_modules/underscore": {
			"version": "1.13.8",
			"resolved": "https://registry.npmjs.org/underscore/-/underscore-1.13.8.tgz",
			"integrity": "sha512-DXtD3ZtEQzc7M8m4cXotyHR+FAS18C64asBYY5vqZexfYryNNnDc02W4hKg3rdQuqOYas1jkseX0+nZXjTXnvQ==",
			"license": "MIT"
		},
		"node_modules/universalify": {
			"version": "2.0.1",
			"resolved": "https://registry.npmjs.org/universalify/-/universalify-2.0.1.tgz",
			"integrity": "sha512-gptHNQghINnc/vTGIk0SOFGFNXw7JVrlRUtConJRlvaw6DuX0wO5Jeko9sWrMBhh+PsYAZ7oXAiOnf/UKogyiw==",
			"license": "MIT",
			"engines": {
				"node": ">= 10.0.0"
			}
		}
	}
}
